
Microsoft Visual Studio Solution File, Format Version 12.00
# Visual Studio Version 17
VisualStudioVersion = 17.9.34622.214
MinimumVisualStudioVersion = 10.0.40219.1
Project("{2150E333-8FDC-42A3-9474-1A3956D46DE8}") = "Services", "Services", "{361B2FD6-DA71-48EB-A77A-13EA0C49C545}"
EndProject
Project("{2150E333-8FDC-42A3-9474-1A3956D46DE8}") = "Catalog", "Catalog", "{B464F511-7655-410B-85AB-72EDB6F6E1E6}"
EndProject
Project("{9A19103F-16F7-4668-BE54-9A1E7A4F7556}") = "Catalog.API", "Services\Catalog\Catalog.API\Catalog.API.csproj", "{DF0FC0C0-6866-45EC-B013-6322371DAF01}"
EndProject
Project("{2150E333-8FDC-42A3-9474-1A3956D46DE8}") = "BuildingBlocks", "BuildingBlocks", "{BB31FAE3-949F-4BD9-B0D9-CE67CF22E50D}"
EndProject
Project("{FAE04EC0-301F-11D3-BF4B-00C04F79EFBC}") = "BuildingBlocks", "BuildingBlocks\BuildingBlocks\BuildingBlocks.csproj", "{D47C732E-4485-4E55-A044-CBBC5B60F3F9}"
EndProject
Global
	GlobalSection(SolutionConfigurationPlatforms) = preSolution
		Debug|Any CPU = Debug|Any CPU
		Release|Any CPU = Release|Any CPU
	EndGlobalSection
	GlobalSection(ProjectConfigurationPlatforms) = postSolution
		{DF0FC0C0-6866-45EC-B013-6322371DAF01}.Debug|Any CPU.ActiveCfg = Debug|Any CPU
		{DF0FC0C0-6866-45EC-B013-6322371DAF01}.Debug|Any CPU.Build.0 = Debug|Any CPU
		{DF0FC0C0-6866-45EC-B013-6322371DAF01}.Release|Any CPU.ActiveCfg = Release|Any CPU
		{DF0FC0C0-6866-45EC-B013-6322371DAF01}.Release|Any CPU.Build.0 = Release|Any CPU
		{D47C732E-4485-4E55-A044-CBBC5B60F3F9}.Debug|Any CPU.ActiveCfg = Debug|Any CPU
		{D47C732E-4485-4E55-A044-CBBC5B60F3F9}.Debug|Any CPU.Build.0 = Debug|Any CPU
		{D47C732E-4485-4E55-A044-CBBC5B60F3F9}.Release|Any CPU.ActiveCfg = Release|Any CPU
		{D47C732E-4485-4E55-A044-CBBC5B60F3F9}.Release|Any CPU.Build.0 = Release|Any CPU
	EndGlobalSection
	GlobalSection(SolutionProperties) = preSolution
		HideSolutionNode = FALSE
	EndGlobalSection
	GlobalSection(NestedProjects) = preSolution
		{B464F511-7655-410B-85AB-72EDB6F6E1E6} = {361B2FD6-DA71-48EB-A77A-13EA0C49C545}
		{DF0FC0C0-6866-45EC-B013-6322371DAF01} = {B464F511-7655-410B-85AB-72EDB6F6E1E6}
		{D47C732E-4485-4E55-A044-CBBC5B60F3F9} = {BB31FAE3-949F-4BD9-B0D9-CE67CF22E50D}
	EndGlobalSection
	GlobalSection(ExtensibilityGlobals) = postSolution
		SolutionGuid = {645C1B6D-D478-48A3-9F79-CDC5E7185137}
	EndGlobalSection
EndGlobal
